
Microsoft Visual Studio Solution File, Format Version 12.00
# Visual Studio Version 16
VisualStudioVersion = 16.0.30420.98
MinimumVisualStudioVersion = 10.0.40219.1
Project("{FAE04EC0-301F-11D3-BF4B-00C04F79EFBC}") = "DotNetChallenge", "DotNetChallenge.csproj", "{FE40320A-F371-4D1C-B3BD-D3F00CDF7F84}"
EndProject
Project("{FAE04EC0-301F-11D3-BF4B-00C04F79EFBC}") = "SolutionCore", "..\SolutionCore\SolutionCore.csproj", "{07F14928-8C57-411E-88C6-87907EC952E1}"
EndProject
Global
	GlobalSection(SolutionConfigurationPlatforms) = preSolution
		Debug|Any CPU = Debug|Any CPU
		Release|Any CPU = Release|Any CPU
	EndGlobalSection
	GlobalSection(ProjectConfigurationPlatforms) = postSolution
		{FE40320A-F371-4D1C-B3BD-D3F00CDF7F84}.Debug|Any CPU.ActiveCfg = Debug|Any CPU
		{FE40320A-F371-4D1C-B3BD-D3F00CDF7F84}.Debug|Any CPU.Build.0 = Debug|Any CPU
		{FE40320A-F371-4D1C-B3BD-D3F00CDF7F84}.Release|Any CPU.ActiveCfg = Release|Any CPU
		{FE40320A-F371-4D1C-B3BD-D3F00CDF7F84}.Release|Any CPU.Build.0 = Release|Any CPU
		{07F14928-8C57-411E-88C6-87907EC952E1}.Debug|Any CPU.ActiveCfg = Debug|Any CPU
		{07F14928-8C57-411E-88C6-87907EC952E1}.Debug|Any CPU.Build.0 = Debug|Any CPU
		{07F14928-8C57-411E-88C6-87907EC952E1}.Release|Any CPU.ActiveCfg = Release|Any CPU
		{07F14928-8C57-411E-88C6-87907EC952E1}.Release|Any CPU.Build.0 = Release|Any CPU
	EndGlobalSection
	GlobalSection(SolutionProperties) = preSolution
		HideSolutionNode = FALSE
	EndGlobalSection
	GlobalSection(ExtensibilityGlobals) = postSolution
		SolutionGuid = {0528BFA2-3636-4BCE-8474-89E1394D0FD9}
	EndGlobalSection
EndGlobal
